
Microsoft Visual Studio Solution File, Format Version 12.00
# Visual Studio Version 16
VisualStudioVersion = 16.0.29806.167
MinimumVisualStudioVersion = 10.0.40219.1
Project("{FAE04EC0-301F-11D3-BF4B-00C04F79EFBC}") = "RocketProgram", "RocketProgram\RocketProgram.csproj", "{C5B3C5C5-37CD-4BF5-9C10-1AD589299CAC}"
EndProject
Project("{FAE04EC0-301F-11D3-BF4B-00C04F79EFBC}") = "DataManagment", "DataManagment\DataManagment.csproj", "{CF5FA988-6A67-4A80-892A-7E49D7730852}"
EndProject
Global
	GlobalSection(SolutionConfigurationPlatforms) = preSolution
		Debug|Any CPU = Debug|Any CPU
		Release|Any CPU = Release|Any CPU
	EndGlobalSection
	GlobalSection(ProjectConfigurationPlatforms) = postSolution
		{C5B3C5C5-37CD-4BF5-9C10-1AD589299CAC}.Debug|Any CPU.ActiveCfg = Debug|Any CPU
		{C5B3C5C5-37CD-4BF5-9C10-1AD589299CAC}.Debug|Any CPU.Build.0 = Debug|Any CPU
		{C5B3C5C5-37CD-4BF5-9C10-1AD589299CAC}.Release|Any CPU.ActiveCfg = Release|Any CPU
		{C5B3C5C5-37CD-4BF5-9C10-1AD589299CAC}.Release|Any CPU.Build.0 = Release|Any CPU
		{CF5FA988-6A67-4A80-892A-7E49D7730852}.Debug|Any CPU.ActiveCfg = Debug|Any CPU
		{CF5FA988-6A67-4A80-892A-7E49D7730852}.Debug|Any CPU.Build.0 = Debug|Any CPU
		{CF5FA988-6A67-4A80-892A-7E49D7730852}.Release|Any CPU.ActiveCfg = Release|Any CPU
		{CF5FA988-6A67-4A80-892A-7E49D7730852}.Release|Any CPU.Build.0 = Release|Any CPU
	EndGlobalSection
	GlobalSection(SolutionProperties) = preSolution
		HideSolutionNode = FALSE
	EndGlobalSection
	GlobalSection(ExtensibilityGlobals) = postSolution
		SolutionGuid = {A273648D-2511-41B3-9CC9-172C93CA94B6}
	EndGlobalSection
EndGlobal
